
Microsoft Visual Studio Solution File, Format Version 12.00
# Visual Studio Version 16
VisualStudioVersion = 16.0.31729.503
MinimumVisualStudioVersion = 10.0.40219.1
Project("{FAE04EC0-301F-11D3-BF4B-00C04F79EFBC}") = "test", "test.csproj", "{BC18524A-C483-40A7-8FBD-D1D922BA373D}"
EndProject
Global
	GlobalSection(SolutionConfigurationPlatforms) = preSolution
		Debug|Any CPU = Debug|Any CPU
		Release|Any CPU = Release|Any CPU
	EndGlobalSection
	GlobalSection(ProjectConfigurationPlatforms) = postSolution
		{BC18524A-C483-40A7-8FBD-D1D922BA373D}.Debug|Any CPU.ActiveCfg = Debug|Any CPU
		{BC18524A-C483-40A7-8FBD-D1D922BA373D}.Debug|Any CPU.Build.0 = Debug|Any CPU
		{BC18524A-C483-40A7-8FBD-D1D922BA373D}.Release|Any CPU.ActiveCfg = Release|Any CPU
		{BC18524A-C483-40A7-8FBD-D1D922BA373D}.Release|Any CPU.Build.0 = Release|Any CPU
	EndGlobalSection
	GlobalSection(SolutionProperties) = preSolution
		HideSolutionNode = FALSE
	EndGlobalSection
	GlobalSection(ExtensibilityGlobals) = postSolution
		SolutionGuid = {8F3D45E7-D633-430D-84ED-9D2412100EB5}
	EndGlobalSection
EndGlobal
